
Microsoft Visual Studio Solution File, Format Version 12.00
# Visual Studio Version 17
VisualStudioVersion = 17.0.32112.339
MinimumVisualStudioVersion = 10.0.40219.1
Project("{FAE04EC0-301F-11D3-BF4B-00C04F79EFBC}") = "Lesson23", "Lesson23.csproj", "{05ADCCE3-A93D-4B66-B20D-B7F6717FAE1F}"
EndProject
Global
	GlobalSection(SolutionConfigurationPlatforms) = preSolution
		Debug|Any CPU = Debug|Any CPU
		Release|Any CPU = Release|Any CPU
	EndGlobalSection
	GlobalSection(ProjectConfigurationPlatforms) = postSolution
		{05ADCCE3-A93D-4B66-B20D-B7F6717FAE1F}.Debug|Any CPU.ActiveCfg = Debug|Any CPU
		{05ADCCE3-A93D-4B66-B20D-B7F6717FAE1F}.Debug|Any CPU.Build.0 = Debug|Any CPU
		{05ADCCE3-A93D-4B66-B20D-B7F6717FAE1F}.Release|Any CPU.ActiveCfg = Release|Any CPU
		{05ADCCE3-A93D-4B66-B20D-B7F6717FAE1F}.Release|Any CPU.Build.0 = Release|Any CPU
	EndGlobalSection
	GlobalSection(SolutionProperties) = preSolution
		HideSolutionNode = FALSE
	EndGlobalSection
	GlobalSection(ExtensibilityGlobals) = postSolution
		SolutionGuid = {78365842-6618-406D-919E-F78F086D39DA}
	EndGlobalSection
EndGlobal
